
Microsoft Visual Studio Solution File, Format Version 12.00
# Visual Studio 15
VisualStudioVersion = 15.0.27703.2035
MinimumVisualStudioVersion = 10.0.40219.1
Project("{FAE04EC0-301F-11D3-BF4B-00C04F79EFBC}") = "Scryfall", "Scryfall\Scryfall.csproj", "{DF2D5A29-94C2-4DE0-8E87-A5A669EF3F82}"
EndProject
Global
	GlobalSection(SolutionConfigurationPlatforms) = preSolution
		Debug|Any CPU = Debug|Any CPU
		Release|Any CPU = Release|Any CPU
	EndGlobalSection
	GlobalSection(ProjectConfigurationPlatforms) = postSolution
		{DF2D5A29-94C2-4DE0-8E87-A5A669EF3F82}.Debug|Any CPU.ActiveCfg = Debug|Any CPU
		{DF2D5A29-94C2-4DE0-8E87-A5A669EF3F82}.Debug|Any CPU.Build.0 = Debug|Any CPU
		{DF2D5A29-94C2-4DE0-8E87-A5A669EF3F82}.Release|Any CPU.ActiveCfg = Release|Any CPU
		{DF2D5A29-94C2-4DE0-8E87-A5A669EF3F82}.Release|Any CPU.Build.0 = Release|Any CPU
	EndGlobalSection
	GlobalSection(SolutionProperties) = preSolution
		HideSolutionNode = FALSE
	EndGlobalSection
	GlobalSection(ExtensibilityGlobals) = postSolution
		SolutionGuid = {9CA79A5C-146F-46DA-8EFB-22434566CEB3}
	EndGlobalSection
EndGlobal
